
Microsoft Visual Studio Solution File, Format Version 12.00
# Visual Studio Version 16
VisualStudioVersion = 16.0.31205.134
MinimumVisualStudioVersion = 10.0.40219.1
Project("{FAE04EC0-301F-11D3-BF4B-00C04F79EFBC}") = "Proyecto DPEE", "Proyecto DPEE\Proyecto DPEE.csproj", "{F34B9CB5-E720-4860-B6C6-773A07A06046}"
EndProject
Global
	GlobalSection(SolutionConfigurationPlatforms) = preSolution
		Debug|Any CPU = Debug|Any CPU
		Release|Any CPU = Release|Any CPU
	EndGlobalSection
	GlobalSection(ProjectConfigurationPlatforms) = postSolution
		{F34B9CB5-E720-4860-B6C6-773A07A06046}.Debug|Any CPU.ActiveCfg = Debug|Any CPU
		{F34B9CB5-E720-4860-B6C6-773A07A06046}.Debug|Any CPU.Build.0 = Debug|Any CPU
		{F34B9CB5-E720-4860-B6C6-773A07A06046}.Release|Any CPU.ActiveCfg = Release|Any CPU
		{F34B9CB5-E720-4860-B6C6-773A07A06046}.Release|Any CPU.Build.0 = Release|Any CPU
	EndGlobalSection
	GlobalSection(SolutionProperties) = preSolution
		HideSolutionNode = FALSE
	EndGlobalSection
	GlobalSection(ExtensibilityGlobals) = postSolution
		SolutionGuid = {910D37A7-FF8B-4108-9B82-DF7D03559FB2}
	EndGlobalSection
EndGlobal
